
Microsoft Visual Studio Solution File, Format Version 11.00
# Visual Studio 2010
Project("{FAE04EC0-301F-11D3-BF4B-00C04F79EFBC}") = "Assembly-CSharp", "Assembly-CSharp.csproj", "{db23bb47-2465-90df-f4c8-85e6a6ca63ef}"
EndProject
Project("{FAE04EC0-301F-11D3-BF4B-00C04F79EFBC}") = "Assembly-CSharp-firstpass", "Assembly-CSharp-firstpass.csproj", "{b2e1e141-c244-a48c-49c3-69358744ef02}"
EndProject
Project("{FAE04EC0-301F-11D3-BF4B-00C04F79EFBC}") = "Assembly-CSharp-Editor-firstpass", "Assembly-CSharp-Editor-firstpass.csproj", "{c9716261-2121-4ce0-6c92-78c84e072c48}"
EndProject
Global
	GlobalSection(SolutionConfigurationPlatforms) = preSolution
		Debug|Any CPU = Debug|Any CPU
		Release|Any CPU = Release|Any CPU
	EndGlobalSection
	GlobalSection(ProjectConfigurationPlatforms) = postSolution
		{db23bb47-2465-90df-f4c8-85e6a6ca63ef}.Debug|Any CPU.ActiveCfg = Debug|Any CPU
		{db23bb47-2465-90df-f4c8-85e6a6ca63ef}.Debug|Any CPU.Build.0 = Debug|Any CPU
		{db23bb47-2465-90df-f4c8-85e6a6ca63ef}.Release|Any CPU.ActiveCfg = Release|Any CPU
		{db23bb47-2465-90df-f4c8-85e6a6ca63ef}.Release|Any CPU.Build.0 = Release|Any CPU
		{b2e1e141-c244-a48c-49c3-69358744ef02}.Debug|Any CPU.ActiveCfg = Debug|Any CPU
		{b2e1e141-c244-a48c-49c3-69358744ef02}.Debug|Any CPU.Build.0 = Debug|Any CPU
		{b2e1e141-c244-a48c-49c3-69358744ef02}.Release|Any CPU.ActiveCfg = Release|Any CPU
		{b2e1e141-c244-a48c-49c3-69358744ef02}.Release|Any CPU.Build.0 = Release|Any CPU
		{c9716261-2121-4ce0-6c92-78c84e072c48}.Debug|Any CPU.ActiveCfg = Debug|Any CPU
		{c9716261-2121-4ce0-6c92-78c84e072c48}.Debug|Any CPU.Build.0 = Debug|Any CPU
		{c9716261-2121-4ce0-6c92-78c84e072c48}.Release|Any CPU.ActiveCfg = Release|Any CPU
		{c9716261-2121-4ce0-6c92-78c84e072c48}.Release|Any CPU.Build.0 = Release|Any CPU
	EndGlobalSection
	GlobalSection(SolutionProperties) = preSolution
		HideSolutionNode = FALSE
	EndGlobalSection
EndGlobal
