
Microsoft Visual Studio Solution File, Format Version 11.00
# Visual Studio 2010
Project("{FAE04EC0-301F-11D3-BF4B-00C04F79EFBC}") = "Assembly-CSharp-firstpass", "Assembly-CSharp-firstpass.csproj", "{03e530f1-b631-88cd-696b-20575b7f4cfa}"
EndProject
Project("{FAE04EC0-301F-11D3-BF4B-00C04F79EFBC}") = "Assembly-CSharp", "Assembly-CSharp.csproj", "{680ac0e5-dbe6-a3fe-938c-f34d364ea738}"
EndProject
Project("{FAE04EC0-301F-11D3-BF4B-00C04F79EFBC}") = "Assembly-CSharp-Editor-firstpass", "Assembly-CSharp-Editor-firstpass.csproj", "{36af60a0-c467-75a5-2283-ea3a51c2ef33}"
EndProject
Global
	GlobalSection(SolutionConfigurationPlatforms) = preSolution
		Debug|Any CPU = Debug|Any CPU
		Release|Any CPU = Release|Any CPU
	EndGlobalSection
	GlobalSection(ProjectConfigurationPlatforms) = postSolution
		{03e530f1-b631-88cd-696b-20575b7f4cfa}.Debug|Any CPU.ActiveCfg = Debug|Any CPU
		{03e530f1-b631-88cd-696b-20575b7f4cfa}.Debug|Any CPU.Build.0 = Debug|Any CPU
		{03e530f1-b631-88cd-696b-20575b7f4cfa}.Release|Any CPU.ActiveCfg = Release|Any CPU
		{03e530f1-b631-88cd-696b-20575b7f4cfa}.Release|Any CPU.Build.0 = Release|Any CPU
		{680ac0e5-dbe6-a3fe-938c-f34d364ea738}.Debug|Any CPU.ActiveCfg = Debug|Any CPU
		{680ac0e5-dbe6-a3fe-938c-f34d364ea738}.Debug|Any CPU.Build.0 = Debug|Any CPU
		{680ac0e5-dbe6-a3fe-938c-f34d364ea738}.Release|Any CPU.ActiveCfg = Release|Any CPU
		{680ac0e5-dbe6-a3fe-938c-f34d364ea738}.Release|Any CPU.Build.0 = Release|Any CPU
		{36af60a0-c467-75a5-2283-ea3a51c2ef33}.Debug|Any CPU.ActiveCfg = Debug|Any CPU
		{36af60a0-c467-75a5-2283-ea3a51c2ef33}.Debug|Any CPU.Build.0 = Debug|Any CPU
		{36af60a0-c467-75a5-2283-ea3a51c2ef33}.Release|Any CPU.ActiveCfg = Release|Any CPU
		{36af60a0-c467-75a5-2283-ea3a51c2ef33}.Release|Any CPU.Build.0 = Release|Any CPU
	EndGlobalSection
	GlobalSection(SolutionProperties) = preSolution
		HideSolutionNode = FALSE
	EndGlobalSection
EndGlobal
